
Microsoft Visual Studio Solution File, Format Version 12.00
# Visual Studio Version 17
VisualStudioVersion = 17.0.31903.59
MinimumVisualStudioVersion = 10.0.40219.1
Project("{2150E333-8FDC-42A3-9474-1A3956D46DE8}") = "src", "src", "{7D6B5850-1C7E-4284-8FD9-E9A5E6BE8E9E}"
EndProject
Project("{FAE04EC0-301F-11D3-BF4B-00C04F79EFBC}") = "AuctionService", "src\AuctionService\AuctionService.csproj", "{39DA2F40-A039-465F-BC34-70796BE243B4}"
EndProject
Project("{FAE04EC0-301F-11D3-BF4B-00C04F79EFBC}") = "SearchService", "src\SearchService\SearchService.csproj", "{1C538D71-E5A0-4F5A-8BE9-4A261A39D49C}"
EndProject
Project("{FAE04EC0-301F-11D3-BF4B-00C04F79EFBC}") = "Contracts", "src\Contracts\Contracts.csproj", "{AC273B7B-8816-4AFE-B5FC-5A08E871DA61}"
EndProject
Project("{FAE04EC0-301F-11D3-BF4B-00C04F79EFBC}") = "IdentityService", "src\IdentityService\IdentityService.csproj", "{15188B6E-EEC7-45F9-BA0B-55A947D64858}"
EndProject
Project("{FAE04EC0-301F-11D3-BF4B-00C04F79EFBC}") = "GatewayService", "src\GatewayService\GatewayService.csproj", "{AE1F172B-FD14-4FAA-96EB-CE6E385AB6BA}"
EndProject
Global
	GlobalSection(SolutionConfigurationPlatforms) = preSolution
		Debug|Any CPU = Debug|Any CPU
		Release|Any CPU = Release|Any CPU
	EndGlobalSection
	GlobalSection(ProjectConfigurationPlatforms) = postSolution
		{39DA2F40-A039-465F-BC34-70796BE243B4}.Debug|Any CPU.ActiveCfg = Debug|Any CPU
		{39DA2F40-A039-465F-BC34-70796BE243B4}.Debug|Any CPU.Build.0 = Debug|Any CPU
		{39DA2F40-A039-465F-BC34-70796BE243B4}.Release|Any CPU.ActiveCfg = Release|Any CPU
		{39DA2F40-A039-465F-BC34-70796BE243B4}.Release|Any CPU.Build.0 = Release|Any CPU
		{1C538D71-E5A0-4F5A-8BE9-4A261A39D49C}.Debug|Any CPU.ActiveCfg = Debug|Any CPU
		{1C538D71-E5A0-4F5A-8BE9-4A261A39D49C}.Debug|Any CPU.Build.0 = Debug|Any CPU
		{1C538D71-E5A0-4F5A-8BE9-4A261A39D49C}.Release|Any CPU.ActiveCfg = Release|Any CPU
		{1C538D71-E5A0-4F5A-8BE9-4A261A39D49C}.Release|Any CPU.Build.0 = Release|Any CPU
		{AC273B7B-8816-4AFE-B5FC-5A08E871DA61}.Debug|Any CPU.ActiveCfg = Debug|Any CPU
		{AC273B7B-8816-4AFE-B5FC-5A08E871DA61}.Debug|Any CPU.Build.0 = Debug|Any CPU
		{AC273B7B-8816-4AFE-B5FC-5A08E871DA61}.Release|Any CPU.ActiveCfg = Release|Any CPU
		{AC273B7B-8816-4AFE-B5FC-5A08E871DA61}.Release|Any CPU.Build.0 = Release|Any CPU
		{15188B6E-EEC7-45F9-BA0B-55A947D64858}.Debug|Any CPU.ActiveCfg = Debug|Any CPU
		{15188B6E-EEC7-45F9-BA0B-55A947D64858}.Debug|Any CPU.Build.0 = Debug|Any CPU
		{15188B6E-EEC7-45F9-BA0B-55A947D64858}.Release|Any CPU.ActiveCfg = Release|Any CPU
		{15188B6E-EEC7-45F9-BA0B-55A947D64858}.Release|Any CPU.Build.0 = Release|Any CPU
		{AE1F172B-FD14-4FAA-96EB-CE6E385AB6BA}.Debug|Any CPU.ActiveCfg = Debug|Any CPU
		{AE1F172B-FD14-4FAA-96EB-CE6E385AB6BA}.Debug|Any CPU.Build.0 = Debug|Any CPU
		{AE1F172B-FD14-4FAA-96EB-CE6E385AB6BA}.Release|Any CPU.ActiveCfg = Release|Any CPU
		{AE1F172B-FD14-4FAA-96EB-CE6E385AB6BA}.Release|Any CPU.Build.0 = Release|Any CPU
	EndGlobalSection
	GlobalSection(SolutionProperties) = preSolution
		HideSolutionNode = FALSE
	EndGlobalSection
	GlobalSection(NestedProjects) = preSolution
		{39DA2F40-A039-465F-BC34-70796BE243B4} = {7D6B5850-1C7E-4284-8FD9-E9A5E6BE8E9E}
		{1C538D71-E5A0-4F5A-8BE9-4A261A39D49C} = {7D6B5850-1C7E-4284-8FD9-E9A5E6BE8E9E}
		{AC273B7B-8816-4AFE-B5FC-5A08E871DA61} = {7D6B5850-1C7E-4284-8FD9-E9A5E6BE8E9E}
		{15188B6E-EEC7-45F9-BA0B-55A947D64858} = {7D6B5850-1C7E-4284-8FD9-E9A5E6BE8E9E}
		{AE1F172B-FD14-4FAA-96EB-CE6E385AB6BA} = {7D6B5850-1C7E-4284-8FD9-E9A5E6BE8E9E}
	EndGlobalSection
EndGlobal
